
Microsoft Visual Studio Solution File, Format Version 12.00
Project("{FAE04EC0-301F-11D3-BF4B-00C04F79EFBC}") = "AccountingService.Host", "AccountingService.Host\AccountingService.Host.csproj", "{77135131-1AF5-416F-B9E5-4C9D163E137B}"
EndProject
Project("{FAE04EC0-301F-11D3-BF4B-00C04F79EFBC}") = "AccountingService", "AccountingService\AccountingService.csproj", "{D0B6DD78-D306-4922-A668-A26086E32B38}"
EndProject
Global
	GlobalSection(SolutionConfigurationPlatforms) = preSolution
		Debug|Any CPU = Debug|Any CPU
		Release|Any CPU = Release|Any CPU
	EndGlobalSection
	GlobalSection(ProjectConfigurationPlatforms) = postSolution
		{77135131-1AF5-416F-B9E5-4C9D163E137B}.Debug|Any CPU.ActiveCfg = Debug|Any CPU
		{77135131-1AF5-416F-B9E5-4C9D163E137B}.Debug|Any CPU.Build.0 = Debug|Any CPU
		{77135131-1AF5-416F-B9E5-4C9D163E137B}.Release|Any CPU.ActiveCfg = Release|Any CPU
		{77135131-1AF5-416F-B9E5-4C9D163E137B}.Release|Any CPU.Build.0 = Release|Any CPU
		{D0B6DD78-D306-4922-A668-A26086E32B38}.Debug|Any CPU.ActiveCfg = Debug|Any CPU
		{D0B6DD78-D306-4922-A668-A26086E32B38}.Debug|Any CPU.Build.0 = Debug|Any CPU
		{D0B6DD78-D306-4922-A668-A26086E32B38}.Release|Any CPU.ActiveCfg = Release|Any CPU
		{D0B6DD78-D306-4922-A668-A26086E32B38}.Release|Any CPU.Build.0 = Release|Any CPU
	EndGlobalSection
EndGlobal
